
Microsoft Visual Studio Solution File, Format Version 12.00
# Visual Studio Version 17
VisualStudioVersion = 17.3.32901.215
MinimumVisualStudioVersion = 10.0.40219.1
Project("{FAE04EC0-301F-11D3-BF4B-00C04F79EFBC}") = "timer ornek2-826", "timer ornek2-826\timer ornek2-826.csproj", "{2B1080BC-60A3-435D-8F64-FE1B587E36FC}"
EndProject
Global
	GlobalSection(SolutionConfigurationPlatforms) = preSolution
		Debug|Any CPU = Debug|Any CPU
		Release|Any CPU = Release|Any CPU
	EndGlobalSection
	GlobalSection(ProjectConfigurationPlatforms) = postSolution
		{2B1080BC-60A3-435D-8F64-FE1B587E36FC}.Debug|Any CPU.ActiveCfg = Debug|Any CPU
		{2B1080BC-60A3-435D-8F64-FE1B587E36FC}.Debug|Any CPU.Build.0 = Debug|Any CPU
		{2B1080BC-60A3-435D-8F64-FE1B587E36FC}.Release|Any CPU.ActiveCfg = Release|Any CPU
		{2B1080BC-60A3-435D-8F64-FE1B587E36FC}.Release|Any CPU.Build.0 = Release|Any CPU
	EndGlobalSection
	GlobalSection(SolutionProperties) = preSolution
		HideSolutionNode = FALSE
	EndGlobalSection
	GlobalSection(ExtensibilityGlobals) = postSolution
		SolutionGuid = {1C4EC7F4-A321-4AC5-A46E-7E05CEC0384F}
	EndGlobalSection
EndGlobal
